
Microsoft Visual Studio Solution File, Format Version 11.00
# Visual Studio 2010
Project("{F184B08F-C81C-45F6-A57F-5ABD9991F28F}") = "LaunchFromTaskbar2", "LaunchFromTaskbar2\LaunchFromTaskbar2.vbproj", "{F41B8E52-F034-4823-9023-73369062ABC9}"
EndProject
Global
	GlobalSection(SubversionScc) = preSolution
		Svn-Managed = True
		Manager = AnkhSVN - Subversion Support for Visual Studio
	EndGlobalSection
	GlobalSection(SolutionConfigurationPlatforms) = preSolution
		Debug|x86 = Debug|x86
		Release|x86 = Release|x86
	EndGlobalSection
	GlobalSection(ProjectConfigurationPlatforms) = postSolution
		{F41B8E52-F034-4823-9023-73369062ABC9}.Debug|x86.ActiveCfg = Debug|x86
		{F41B8E52-F034-4823-9023-73369062ABC9}.Debug|x86.Build.0 = Debug|x86
		{F41B8E52-F034-4823-9023-73369062ABC9}.Release|x86.ActiveCfg = Release|x86
		{F41B8E52-F034-4823-9023-73369062ABC9}.Release|x86.Build.0 = Release|x86
	EndGlobalSection
	GlobalSection(SolutionProperties) = preSolution
		HideSolutionNode = FALSE
	EndGlobalSection
EndGlobal
